
Microsoft Visual Studio Solution File, Format Version 12.00
# Visual Studio Version 17
VisualStudioVersion = 17.9.34728.123
MinimumVisualStudioVersion = 10.0.40219.1
Project("{8BC9CEB8-8B4A-11D0-8D11-00A0C91BC942}") = "server", "server\server.vcxproj", "{E988F4BC-BEAF-42D8-AEB4-590FB8C70EC2}"
EndProject
Global
	GlobalSection(SolutionConfigurationPlatforms) = preSolution
		Debug|x64 = Debug|x64
		Debug|x86 = Debug|x86
		Release|x64 = Release|x64
		Release|x86 = Release|x86
	EndGlobalSection
	GlobalSection(ProjectConfigurationPlatforms) = postSolution
		{E988F4BC-BEAF-42D8-AEB4-590FB8C70EC2}.Debug|x64.ActiveCfg = Debug|x64
		{E988F4BC-BEAF-42D8-AEB4-590FB8C70EC2}.Debug|x64.Build.0 = Debug|x64
		{E988F4BC-BEAF-42D8-AEB4-590FB8C70EC2}.Debug|x86.ActiveCfg = Debug|Win32
		{E988F4BC-BEAF-42D8-AEB4-590FB8C70EC2}.Debug|x86.Build.0 = Debug|Win32
		{E988F4BC-BEAF-42D8-AEB4-590FB8C70EC2}.Release|x64.ActiveCfg = Release|x64
		{E988F4BC-BEAF-42D8-AEB4-590FB8C70EC2}.Release|x64.Build.0 = Release|x64
		{E988F4BC-BEAF-42D8-AEB4-590FB8C70EC2}.Release|x86.ActiveCfg = Release|Win32
		{E988F4BC-BEAF-42D8-AEB4-590FB8C70EC2}.Release|x86.Build.0 = Release|Win32
	EndGlobalSection
	GlobalSection(SolutionProperties) = preSolution
		HideSolutionNode = FALSE
	EndGlobalSection
	GlobalSection(ExtensibilityGlobals) = postSolution
		SolutionGuid = {4D084B73-14B2-4CBC-8CEB-75AF826723BE}
	EndGlobalSection
EndGlobal
